
Microsoft Visual Studio Solution File, Format Version 12.00
# Visual Studio Version 17
VisualStudioVersion = 17.11.35312.102
MinimumVisualStudioVersion = 10.0.40219.1
Project("{9A19103F-16F7-4668-BE54-9A1E7A4F7556}") = "College", "College\College.csproj", "{5F5CE190-E560-41DD-B7AC-2143DBEE032D}"
EndProject
Project("{9A19103F-16F7-4668-BE54-9A1E7A4F7556}") = "CollegeUI", "CollegeUI\CollegeUI.csproj", "{66DB7DED-9B49-485F-9EF0-D6E5D65329CB}"
EndProject
Project("{9A19103F-16F7-4668-BE54-9A1E7A4F7556}") = "Shared", "Shared\Shared.csproj", "{9B2F7A1E-7571-4BBF-B4B0-6B95DE8B84EE}"
EndProject
Global
	GlobalSection(SolutionConfigurationPlatforms) = preSolution
		Debug|Any CPU = Debug|Any CPU
		Release|Any CPU = Release|Any CPU
	EndGlobalSection
	GlobalSection(ProjectConfigurationPlatforms) = postSolution
		{5F5CE190-E560-41DD-B7AC-2143DBEE032D}.Debug|Any CPU.ActiveCfg = Debug|Any CPU
		{5F5CE190-E560-41DD-B7AC-2143DBEE032D}.Debug|Any CPU.Build.0 = Debug|Any CPU
		{5F5CE190-E560-41DD-B7AC-2143DBEE032D}.Release|Any CPU.ActiveCfg = Release|Any CPU
		{5F5CE190-E560-41DD-B7AC-2143DBEE032D}.Release|Any CPU.Build.0 = Release|Any CPU
		{66DB7DED-9B49-485F-9EF0-D6E5D65329CB}.Debug|Any CPU.ActiveCfg = Debug|Any CPU
		{66DB7DED-9B49-485F-9EF0-D6E5D65329CB}.Debug|Any CPU.Build.0 = Debug|Any CPU
		{66DB7DED-9B49-485F-9EF0-D6E5D65329CB}.Release|Any CPU.ActiveCfg = Release|Any CPU
		{66DB7DED-9B49-485F-9EF0-D6E5D65329CB}.Release|Any CPU.Build.0 = Release|Any CPU
		{9B2F7A1E-7571-4BBF-B4B0-6B95DE8B84EE}.Debug|Any CPU.ActiveCfg = Debug|Any CPU
		{9B2F7A1E-7571-4BBF-B4B0-6B95DE8B84EE}.Debug|Any CPU.Build.0 = Debug|Any CPU
		{9B2F7A1E-7571-4BBF-B4B0-6B95DE8B84EE}.Release|Any CPU.ActiveCfg = Release|Any CPU
		{9B2F7A1E-7571-4BBF-B4B0-6B95DE8B84EE}.Release|Any CPU.Build.0 = Release|Any CPU
	EndGlobalSection
	GlobalSection(SolutionProperties) = preSolution
		HideSolutionNode = FALSE
	EndGlobalSection
	GlobalSection(ExtensibilityGlobals) = postSolution
		SolutionGuid = {3918A592-A96C-4235-85A3-70EB504649B2}
	EndGlobalSection
EndGlobal
