
Microsoft Visual Studio Solution File, Format Version 12.00
# Visual Studio Version 17
VisualStudioVersion = 17.11.35312.102
MinimumVisualStudioVersion = 10.0.40219.1
Project("{FAE04EC0-301F-11D3-BF4B-00C04F79EFBC}") = "College", "College\College.csproj", "{5F5CE190-E560-41DD-B7AC-2143DBEE032D}"
EndProject
Global
	GlobalSection(SolutionConfigurationPlatforms) = preSolution
		Debug|Any CPU = Debug|Any CPU
		Release|Any CPU = Release|Any CPU
	EndGlobalSection
	GlobalSection(ProjectConfigurationPlatforms) = postSolution
		{5F5CE190-E560-41DD-B7AC-2143DBEE032D}.Debug|Any CPU.ActiveCfg = Debug|Any CPU
		{5F5CE190-E560-41DD-B7AC-2143DBEE032D}.Debug|Any CPU.Build.0 = Debug|Any CPU
		{5F5CE190-E560-41DD-B7AC-2143DBEE032D}.Release|Any CPU.ActiveCfg = Release|Any CPU
		{5F5CE190-E560-41DD-B7AC-2143DBEE032D}.Release|Any CPU.Build.0 = Release|Any CPU
	EndGlobalSection
	GlobalSection(SolutionProperties) = preSolution
		HideSolutionNode = FALSE
	EndGlobalSection
	GlobalSection(ExtensibilityGlobals) = postSolution
		SolutionGuid = {3918A592-A96C-4235-85A3-70EB504649B2}
	EndGlobalSection
EndGlobal
